
Microsoft Visual Studio Solution File, Format Version 11.00
# Visual Studio 2010
Project("{F184B08F-C81C-45F6-A57F-5ABD9991F28F}") = "WDConnectWrapperLib", "WDConnectWrapperLib\WDConnectWrapperLib.vbproj", "{F0E884EE-DBEE-4B9F-802E-82747F69CEDD}"
EndProject
Global
	GlobalSection(SolutionConfigurationPlatforms) = preSolution
		Debug|Any CPU = Debug|Any CPU
		Release|Any CPU = Release|Any CPU
	EndGlobalSection
	GlobalSection(ProjectConfigurationPlatforms) = postSolution
		{F0E884EE-DBEE-4B9F-802E-82747F69CEDD}.Debug|Any CPU.ActiveCfg = Debug|Any CPU
		{F0E884EE-DBEE-4B9F-802E-82747F69CEDD}.Debug|Any CPU.Build.0 = Debug|Any CPU
		{F0E884EE-DBEE-4B9F-802E-82747F69CEDD}.Release|Any CPU.ActiveCfg = Release|Any CPU
		{F0E884EE-DBEE-4B9F-802E-82747F69CEDD}.Release|Any CPU.Build.0 = Release|Any CPU
	EndGlobalSection
	GlobalSection(SolutionProperties) = preSolution
		HideSolutionNode = FALSE
	EndGlobalSection
EndGlobal
